
Microsoft Visual Studio Solution File, Format Version 12.00
# Visual Studio 15
Project("{FAE04EC0-301F-11D3-BF4B-00C04F79EFBC}") = "WechatAuthLogin.Plugins", "WechatAuthLogin.Plugins.csproj", "{69A48AF1-A263-7E36-472B-793F00EA4809}"
EndProject
Project("{FAE04EC0-301F-11D3-BF4B-00C04F79EFBC}") = "WechatAuthLogin", "WechatAuthLogin.csproj", "{2240C282-F5E1-CE03-90D9-01ADB2269693}"
EndProject
Project("{FAE04EC0-301F-11D3-BF4B-00C04F79EFBC}") = "WechatAuthLogin.Editor.Plugins", "WechatAuthLogin.Editor.Plugins.csproj", "{2349B795-CCB2-F25C-8BBC-A14A076F790E}"
EndProject
Project("{FAE04EC0-301F-11D3-BF4B-00C04F79EFBC}") = "WechatAuthLogin.Editor", "WechatAuthLogin.Editor.csproj", "{5269F01B-7D56-DD92-B1DA-FE4879AE3381}"
EndProject
Global
	GlobalSection(SolutionConfigurationPlatforms) = preSolution
		Debug|Any CPU = Debug|Any CPU
		Release|Any CPU = Release|Any CPU
	EndGlobalSection
	GlobalSection(ProjectConfigurationPlatforms) = postSolution
		{69A48AF1-A263-7E36-472B-793F00EA4809}.Debug|Any CPU.ActiveCfg = Debug|Any CPU
		{69A48AF1-A263-7E36-472B-793F00EA4809}.Debug|Any CPU.Build.0 = Debug|Any CPU
		{69A48AF1-A263-7E36-472B-793F00EA4809}.Release|Any CPU.ActiveCfg = Release|Any CPU
		{69A48AF1-A263-7E36-472B-793F00EA4809}.Release|Any CPU.Build.0 = Release|Any CPU
		{2240C282-F5E1-CE03-90D9-01ADB2269693}.Debug|Any CPU.ActiveCfg = Debug|Any CPU
		{2240C282-F5E1-CE03-90D9-01ADB2269693}.Debug|Any CPU.Build.0 = Debug|Any CPU
		{2240C282-F5E1-CE03-90D9-01ADB2269693}.Release|Any CPU.ActiveCfg = Release|Any CPU
		{2240C282-F5E1-CE03-90D9-01ADB2269693}.Release|Any CPU.Build.0 = Release|Any CPU
		{2349B795-CCB2-F25C-8BBC-A14A076F790E}.Debug|Any CPU.ActiveCfg = Debug|Any CPU
		{2349B795-CCB2-F25C-8BBC-A14A076F790E}.Debug|Any CPU.Build.0 = Debug|Any CPU
		{2349B795-CCB2-F25C-8BBC-A14A076F790E}.Release|Any CPU.ActiveCfg = Release|Any CPU
		{2349B795-CCB2-F25C-8BBC-A14A076F790E}.Release|Any CPU.Build.0 = Release|Any CPU
		{5269F01B-7D56-DD92-B1DA-FE4879AE3381}.Debug|Any CPU.ActiveCfg = Debug|Any CPU
		{5269F01B-7D56-DD92-B1DA-FE4879AE3381}.Debug|Any CPU.Build.0 = Debug|Any CPU
		{5269F01B-7D56-DD92-B1DA-FE4879AE3381}.Release|Any CPU.ActiveCfg = Release|Any CPU
		{5269F01B-7D56-DD92-B1DA-FE4879AE3381}.Release|Any CPU.Build.0 = Release|Any CPU
	EndGlobalSection
	GlobalSection(SolutionProperties) = preSolution
		HideSolutionNode = FALSE
	EndGlobalSection
EndGlobal
